
Microsoft Visual Studio Solution File, Format Version 12.00
# Visual Studio 14
VisualStudioVersion = 14.0.25420.1
MinimumVisualStudioVersion = 10.0.40219.1
Project("{FAE04EC0-301F-11D3-BF4B-00C04F79EFBC}") = "01.OddOccurrences", "01.OddOccurrences\01.OddOccurrences.csproj", "{8B7FA40E-4412-456C-A198-361A1601B3AD}"
EndProject
Project("{FAE04EC0-301F-11D3-BF4B-00C04F79EFBC}") = "02.CountRealNum", "02.CountRealNum\02.CountRealNum.csproj", "{C60AD12D-4586-4734-8B57-2767D7E5F804}"
EndProject
Global
	GlobalSection(SolutionConfigurationPlatforms) = preSolution
		Debug|Any CPU = Debug|Any CPU
		Release|Any CPU = Release|Any CPU
	EndGlobalSection
	GlobalSection(ProjectConfigurationPlatforms) = postSolution
		{8B7FA40E-4412-456C-A198-361A1601B3AD}.Debug|Any CPU.ActiveCfg = Debug|Any CPU
		{8B7FA40E-4412-456C-A198-361A1601B3AD}.Debug|Any CPU.Build.0 = Debug|Any CPU
		{8B7FA40E-4412-456C-A198-361A1601B3AD}.Release|Any CPU.ActiveCfg = Release|Any CPU
		{8B7FA40E-4412-456C-A198-361A1601B3AD}.Release|Any CPU.Build.0 = Release|Any CPU
		{C60AD12D-4586-4734-8B57-2767D7E5F804}.Debug|Any CPU.ActiveCfg = Debug|Any CPU
		{C60AD12D-4586-4734-8B57-2767D7E5F804}.Debug|Any CPU.Build.0 = Debug|Any CPU
		{C60AD12D-4586-4734-8B57-2767D7E5F804}.Release|Any CPU.ActiveCfg = Release|Any CPU
		{C60AD12D-4586-4734-8B57-2767D7E5F804}.Release|Any CPU.Build.0 = Release|Any CPU
	EndGlobalSection
	GlobalSection(SolutionProperties) = preSolution
		HideSolutionNode = FALSE
	EndGlobalSection
EndGlobal
