
Microsoft Visual Studio Solution File, Format Version 12.00
# Visual Studio 14
VisualStudioVersion = 14.0.25420.1
MinimumVisualStudioVersion = 10.0.40219.1
Project("{FAE04EC0-301F-11D3-BF4B-00C04F79EFBC}") = "01.SumArrayElements", "01.SumArrayElements\01.SumArrayElements.csproj", "{57CB4A67-4793-47DD-AF3E-B2F78E8D6029}"
EndProject
Project("{FAE04EC0-301F-11D3-BF4B-00C04F79EFBC}") = "02.MultiplyArrayDoubles", "02.MultiplyArrayDoubles\02.MultiplyArrayDoubles.csproj", "{4858386F-16E5-443E-A6B9-1B154C07F449}"
EndProject
Project("{FAE04EC0-301F-11D3-BF4B-00C04F79EFBC}") = "03.SmallestElementArray", "03.SmallestElementArray\03.SmallestElementArray.csproj", "{CD01CA0E-5FC4-472D-B5FE-93D7A02A8E1B}"
EndProject
Project("{FAE04EC0-301F-11D3-BF4B-00C04F79EFBC}") = "04.RotateArrayString", "04.RotatArrayString\04.RotateArrayString.csproj", "{FAD7E5AB-10B2-4C14-94B8-D2B1B10081C5}"
EndProject
Project("{FAE04EC0-301F-11D3-BF4B-00C04F79EFBC}") = "05.CountOddNnumber", "05.CountOddNnumber\05.CountOddNnumber.csproj", "{DECE552B-05D3-48B3-823C-AA86F18F0215}"
EndProject
Project("{FAE04EC0-301F-11D3-BF4B-00C04F79EFBC}") = "06.OddNumOddPositions", "06.OddNumOddPositions\06.OddNumOddPositions.csproj", "{3F4C5891-E327-4F8C-BF25-0C0614ACA907}"
EndProject
Global
	GlobalSection(SolutionConfigurationPlatforms) = preSolution
		Debug|Any CPU = Debug|Any CPU
		Release|Any CPU = Release|Any CPU
	EndGlobalSection
	GlobalSection(ProjectConfigurationPlatforms) = postSolution
		{57CB4A67-4793-47DD-AF3E-B2F78E8D6029}.Debug|Any CPU.ActiveCfg = Debug|Any CPU
		{57CB4A67-4793-47DD-AF3E-B2F78E8D6029}.Debug|Any CPU.Build.0 = Debug|Any CPU
		{57CB4A67-4793-47DD-AF3E-B2F78E8D6029}.Release|Any CPU.ActiveCfg = Release|Any CPU
		{57CB4A67-4793-47DD-AF3E-B2F78E8D6029}.Release|Any CPU.Build.0 = Release|Any CPU
		{4858386F-16E5-443E-A6B9-1B154C07F449}.Debug|Any CPU.ActiveCfg = Debug|Any CPU
		{4858386F-16E5-443E-A6B9-1B154C07F449}.Debug|Any CPU.Build.0 = Debug|Any CPU
		{4858386F-16E5-443E-A6B9-1B154C07F449}.Release|Any CPU.ActiveCfg = Release|Any CPU
		{4858386F-16E5-443E-A6B9-1B154C07F449}.Release|Any CPU.Build.0 = Release|Any CPU
		{CD01CA0E-5FC4-472D-B5FE-93D7A02A8E1B}.Debug|Any CPU.ActiveCfg = Debug|Any CPU
		{CD01CA0E-5FC4-472D-B5FE-93D7A02A8E1B}.Debug|Any CPU.Build.0 = Debug|Any CPU
		{CD01CA0E-5FC4-472D-B5FE-93D7A02A8E1B}.Release|Any CPU.ActiveCfg = Release|Any CPU
		{CD01CA0E-5FC4-472D-B5FE-93D7A02A8E1B}.Release|Any CPU.Build.0 = Release|Any CPU
		{FAD7E5AB-10B2-4C14-94B8-D2B1B10081C5}.Debug|Any CPU.ActiveCfg = Debug|Any CPU
		{FAD7E5AB-10B2-4C14-94B8-D2B1B10081C5}.Debug|Any CPU.Build.0 = Debug|Any CPU
		{FAD7E5AB-10B2-4C14-94B8-D2B1B10081C5}.Release|Any CPU.ActiveCfg = Release|Any CPU
		{FAD7E5AB-10B2-4C14-94B8-D2B1B10081C5}.Release|Any CPU.Build.0 = Release|Any CPU
		{DECE552B-05D3-48B3-823C-AA86F18F0215}.Debug|Any CPU.ActiveCfg = Debug|Any CPU
		{DECE552B-05D3-48B3-823C-AA86F18F0215}.Debug|Any CPU.Build.0 = Debug|Any CPU
		{DECE552B-05D3-48B3-823C-AA86F18F0215}.Release|Any CPU.ActiveCfg = Release|Any CPU
		{DECE552B-05D3-48B3-823C-AA86F18F0215}.Release|Any CPU.Build.0 = Release|Any CPU
		{3F4C5891-E327-4F8C-BF25-0C0614ACA907}.Debug|Any CPU.ActiveCfg = Debug|Any CPU
		{3F4C5891-E327-4F8C-BF25-0C0614ACA907}.Debug|Any CPU.Build.0 = Debug|Any CPU
		{3F4C5891-E327-4F8C-BF25-0C0614ACA907}.Release|Any CPU.ActiveCfg = Release|Any CPU
		{3F4C5891-E327-4F8C-BF25-0C0614ACA907}.Release|Any CPU.Build.0 = Release|Any CPU
	EndGlobalSection
	GlobalSection(SolutionProperties) = preSolution
		HideSolutionNode = FALSE
	EndGlobalSection
EndGlobal
