
Microsoft Visual Studio Solution File, Format Version 12.00
# Visual Studio 14
VisualStudioVersion = 14.0.25420.1
MinimumVisualStudioVersion = 10.0.40219.1
Project("{FAE04EC0-301F-11D3-BF4B-00C04F79EFBC}") = "01.AvarageStudentGrades", "01.AvarageStudentGrades\01.AvarageStudentGrades.csproj", "{28B4975E-5DD6-404D-8C96-8CF8EAA1D71C}"
EndProject
Project("{FAE04EC0-301F-11D3-BF4B-00C04F79EFBC}") = "02.CitiesContinentCountry", "02.CitiesContinentCountry\02.CitiesContinentCountry.csproj", "{0981527E-C294-45F7-A445-D2A1FBE07605}"
EndProject
Project("{FAE04EC0-301F-11D3-BF4B-00C04F79EFBC}") = "03.RecordUniqueNames", "03.RecordUniqueNames\03.RecordUniqueNames.csproj", "{4C48FE57-E746-4C42-84F0-B26316B4BE3F}"
EndProject
Project("{FAE04EC0-301F-11D3-BF4B-00C04F79EFBC}") = "04.GroupContinents,Countries,Cities", "04.GroupContinents,Cpuntries,Cities\04.GroupContinents,Countries,Cities.csproj", "{2DE0FB7D-30E0-49B9-A0BC-60160653A1F2}"
EndProject
Global
	GlobalSection(SolutionConfigurationPlatforms) = preSolution
		Debug|Any CPU = Debug|Any CPU
		Release|Any CPU = Release|Any CPU
	EndGlobalSection
	GlobalSection(ProjectConfigurationPlatforms) = postSolution
		{28B4975E-5DD6-404D-8C96-8CF8EAA1D71C}.Debug|Any CPU.ActiveCfg = Debug|Any CPU
		{28B4975E-5DD6-404D-8C96-8CF8EAA1D71C}.Debug|Any CPU.Build.0 = Debug|Any CPU
		{28B4975E-5DD6-404D-8C96-8CF8EAA1D71C}.Release|Any CPU.ActiveCfg = Release|Any CPU
		{28B4975E-5DD6-404D-8C96-8CF8EAA1D71C}.Release|Any CPU.Build.0 = Release|Any CPU
		{0981527E-C294-45F7-A445-D2A1FBE07605}.Debug|Any CPU.ActiveCfg = Debug|Any CPU
		{0981527E-C294-45F7-A445-D2A1FBE07605}.Debug|Any CPU.Build.0 = Debug|Any CPU
		{0981527E-C294-45F7-A445-D2A1FBE07605}.Release|Any CPU.ActiveCfg = Release|Any CPU
		{0981527E-C294-45F7-A445-D2A1FBE07605}.Release|Any CPU.Build.0 = Release|Any CPU
		{4C48FE57-E746-4C42-84F0-B26316B4BE3F}.Debug|Any CPU.ActiveCfg = Debug|Any CPU
		{4C48FE57-E746-4C42-84F0-B26316B4BE3F}.Debug|Any CPU.Build.0 = Debug|Any CPU
		{4C48FE57-E746-4C42-84F0-B26316B4BE3F}.Release|Any CPU.ActiveCfg = Release|Any CPU
		{4C48FE57-E746-4C42-84F0-B26316B4BE3F}.Release|Any CPU.Build.0 = Release|Any CPU
		{2DE0FB7D-30E0-49B9-A0BC-60160653A1F2}.Debug|Any CPU.ActiveCfg = Debug|Any CPU
		{2DE0FB7D-30E0-49B9-A0BC-60160653A1F2}.Debug|Any CPU.Build.0 = Debug|Any CPU
		{2DE0FB7D-30E0-49B9-A0BC-60160653A1F2}.Release|Any CPU.ActiveCfg = Release|Any CPU
		{2DE0FB7D-30E0-49B9-A0BC-60160653A1F2}.Release|Any CPU.Build.0 = Release|Any CPU
	EndGlobalSection
	GlobalSection(SolutionProperties) = preSolution
		HideSolutionNode = FALSE
	EndGlobalSection
EndGlobal
